// !$*UTF8*$!
{ archiveVersion = 1; classes = {}; objectVersion = 56; objects = {
42C75937F92E7089A24ED15D = { isa = PBXFileReference; lastKnownFileType = "sourcecode.swift"; path = "Bisik/BisikApp.swift"; sourceTree = "<group>"; };
431C331D531CB366A046F639 = { isa = PBXBuildFile; fileRef = 42C75937F92E7089A24ED15D; };
F6E12BC5DEA92112124946D6 = { isa = PBXFileReference; lastKnownFileType = "sourcecode.swift"; path = "Bisik/Core/AppConfiguration.swift"; sourceTree = "<group>"; };
383A0CF1ACE8574175A0688E = { isa = PBXBuildFile; fileRef = F6E12BC5DEA92112124946D6; };
171A1F3619A2656749A48BFA = { isa = PBXFileReference; lastKnownFileType = "sourcecode.swift"; path = "Bisik/Core/CorrectionLearner.swift"; sourceTree = "<group>"; };
27B5F74689C9F01DC08D9A1E = { isa = PBXBuildFile; fileRef = 171A1F3619A2656749A48BFA; };
DE99BE1CB7803001D7B75B06 = { isa = PBXFileReference; lastKnownFileType = "sourcecode.swift"; path = "Bisik/Core/HoldStateMachine.swift"; sourceTree = "<group>"; };
93B4FD0A75CF17CAD5D239C3 = { isa = PBXBuildFile; fileRef = DE99BE1CB7803001D7B75B06; };
BF3EA15B238687EA76C8A9AA = { isa = PBXFileReference; lastKnownFileType = "sourcecode.swift"; path = "Bisik/Core/L10n.swift"; sourceTree = "<group>"; };
65AF57FCD4184D31DAF64939 = { isa = PBXBuildFile; fileRef = BF3EA15B238687EA76C8A9AA; };
51F6937735C71A266445E003 = { isa = PBXFileReference; lastKnownFileType = "sourcecode.swift"; path = "Bisik/Core/Models.swift"; sourceTree = "<group>"; };
AF666A6B4B57A43995AC5EF8 = { isa = PBXBuildFile; fileRef = 51F6937735C71A266445E003; };
105D6D429F521EBEA079EE59 = { isa = PBXFileReference; lastKnownFileType = "sourcecode.swift"; path = "Bisik/Services/APIClient.swift"; sourceTree = "<group>"; };
65B147BB23422BF10AD7D1BE = { isa = PBXBuildFile; fileRef = 105D6D429F521EBEA079EE59; };
0A24DE78B6F49FA3684AF4F9 = { isa = PBXFileReference; lastKnownFileType = "sourcecode.swift"; path = "Bisik/Services/AppModel.swift"; sourceTree = "<group>"; };
5B8CCBB261DDD7B8195566B7 = { isa = PBXBuildFile; fileRef = 0A24DE78B6F49FA3684AF4F9; };
723F8E4AD236D1C0DE7C6682 = { isa = PBXFileReference; lastKnownFileType = "sourcecode.swift"; path = "Bisik/Services/AudioRecorder.swift"; sourceTree = "<group>"; };
4EAAFCD4F94FA1CC5B93C41C = { isa = PBXBuildFile; fileRef = 723F8E4AD236D1C0DE7C6682; };
9E114BABB4F5C0A11230A10B = { isa = PBXFileReference; lastKnownFileType = "sourcecode.swift"; path = "Bisik/Services/LocalDataStore.swift"; sourceTree = "<group>"; };
EDA5ACA6A40FA4E51132547A = { isa = PBXBuildFile; fileRef = 9E114BABB4F5C0A11230A10B; };
FD2F5D5ECACFD2F58177AA7D = { isa = PBXFileReference; lastKnownFileType = "sourcecode.swift"; path = "Bisik/Services/SecureSessionStore.swift"; sourceTree = "<group>"; };
4ADE84C00BEC27AB2EFDEE70 = { isa = PBXBuildFile; fileRef = FD2F5D5ECACFD2F58177AA7D; };
B35B0859B641FBB8AD5B3200 = { isa = PBXFileReference; lastKnownFileType = "sourcecode.swift"; path = "Bisik/Services/SubscriptionService.swift"; sourceTree = "<group>"; };
862794DD7B785ED87E0D7E9B = { isa = PBXBuildFile; fileRef = B35B0859B641FBB8AD5B3200; };
EE59C5A96F5133D047C6F1D4 = { isa = PBXFileReference; lastKnownFileType = "sourcecode.swift"; path = "Bisik/Views/AppleSignInView.swift"; sourceTree = "<group>"; };
BC16399B1E4F977A04706281 = { isa = PBXBuildFile; fileRef = EE59C5A96F5133D047C6F1D4; };
8CC05B4B840921CC31025A44 = { isa = PBXFileReference; lastKnownFileType = "sourcecode.swift"; path = "Bisik/Views/CloudConsentView.swift"; sourceTree = "<group>"; };
A915D14DC0C83DC672AD3426 = { isa = PBXBuildFile; fileRef = 8CC05B4B840921CC31025A44; };
1087620C5C955C6BA038ACDA = { isa = PBXFileReference; lastKnownFileType = "sourcecode.swift"; path = "Bisik/Views/ContentView.swift"; sourceTree = "<group>"; };
DF10B4C55EAF9D834DCED831 = { isa = PBXBuildFile; fileRef = 1087620C5C955C6BA038ACDA; };
66AAEE37454A88432A807D85 = { isa = PBXFileReference; lastKnownFileType = "sourcecode.swift"; path = "Bisik/Views/DictionaryView.swift"; sourceTree = "<group>"; };
122BF73A8603DAF62AD8680A = { isa = PBXBuildFile; fileRef = 66AAEE37454A88432A807D85; };
32E455389C7861F16CD93316 = { isa = PBXFileReference; lastKnownFileType = "sourcecode.swift"; path = "Bisik/Views/HistoryView.swift"; sourceTree = "<group>"; };
A854C0857FDB7ACA0BFA1AD6 = { isa = PBXBuildFile; fileRef = 32E455389C7861F16CD93316; };
68DDDB7339AEF31AE007D8A4 = { isa = PBXFileReference; lastKnownFileType = "sourcecode.swift"; path = "Bisik/Views/NavigationMenuView.swift"; sourceTree = "<group>"; };
2D981337FC854B03863DC3A7 = { isa = PBXBuildFile; fileRef = 68DDDB7339AEF31AE007D8A4; };
AE824DEB66ED06C435193532 = { isa = PBXFileReference; lastKnownFileType = "sourcecode.swift"; path = "Bisik/Views/PaywallView.swift"; sourceTree = "<group>"; };
24C993AB81F4E211A0AB348A = { isa = PBXBuildFile; fileRef = AE824DEB66ED06C435193532; };
4D40F458CD253378074C0723 = { isa = PBXFileReference; lastKnownFileType = "sourcecode.swift"; path = "Bisik/Views/QuotaView.swift"; sourceTree = "<group>"; };
B00334AD53DE8C1B33AF4825 = { isa = PBXBuildFile; fileRef = 4D40F458CD253378074C0723; };
EC8E517EDC9E0BA65A3FEE8A = { isa = PBXFileReference; lastKnownFileType = "sourcecode.swift"; path = "Bisik/Views/RecorderView.swift"; sourceTree = "<group>"; };
6EA98A3464DDC29E6015816F = { isa = PBXBuildFile; fileRef = EC8E517EDC9E0BA65A3FEE8A; };
9F071E59EAF1D009CEAC7390 = { isa = PBXFileReference; lastKnownFileType = "sourcecode.swift"; path = "Bisik/Views/SettingsView.swift"; sourceTree = "<group>"; };
4E6A3BBB8F3755D9506917EA = { isa = PBXBuildFile; fileRef = 9F071E59EAF1D009CEAC7390; };
02FAAFD92C72EB147150D84A = { isa = PBXFileReference; lastKnownFileType = "sourcecode.swift"; path = "Bisik/Views/SplashView.swift"; sourceTree = "<group>"; };
A076E270ACBE7AB20EB8F2B5 = { isa = PBXBuildFile; fileRef = 02FAAFD92C72EB147150D84A; };
0317AE12649AB94D8A619508 = { isa = PBXFileReference; lastKnownFileType = "sourcecode.swift"; path = "Bisik/Views/Theme.swift"; sourceTree = "<group>"; };
873D772BB85F27B6B8EF51E8 = { isa = PBXBuildFile; fileRef = 0317AE12649AB94D8A619508; };
E66E342640858A2CF0D0C07D = { isa = PBXFileReference; lastKnownFileType = "sourcecode.swift"; path = "Bisik/Views/VoiceOrbView.swift"; sourceTree = "<group>"; };
741250F25EEAFB3BB9764095 = { isa = PBXBuildFile; fileRef = E66E342640858A2CF0D0C07D; };
80D1274A9527705EE522C2D2 = { isa = PBXFileReference; lastKnownFileType = "sourcecode.swift"; path = "BisikTests/CoreTests.swift"; sourceTree = "<group>"; };
19389D3E32B426D6BB79DBFB = { isa = PBXBuildFile; fileRef = 80D1274A9527705EE522C2D2; };
9394EF5EE0146348C1CB9EDF = { isa = PBXFileReference; lastKnownFileType = "sourcecode.swift"; path = "BisikTests/InterfaceTests.swift"; sourceTree = "<group>"; };
28C7FF77D5F8C615E81A1DFD = { isa = PBXBuildFile; fileRef = 9394EF5EE0146348C1CB9EDF; };
A5CBF6A4130E6E266462C243 = { isa = PBXFileReference; lastKnownFileType = "sourcecode.swift"; path = "BisikUITests/EditingNavigationTests.swift"; sourceTree = "<group>"; };
E3BB6D69AB659CCC73B76332 = { isa = PBXBuildFile; fileRef = A5CBF6A4130E6E266462C243; };
7C4B3884EEAEF1D4327AA94B = { isa = PBXFileReference; lastKnownFileType = "file"; path = "Bisik/Resources/Inter-Regular.ttf"; sourceTree = "<group>"; };
56AFA419D642733258D3F693 = { isa = PBXBuildFile; fileRef = 7C4B3884EEAEF1D4327AA94B; };
964A5C1F559BDF016AEE0F21 = { isa = PBXFileReference; lastKnownFileType = "file"; path = "Bisik/Resources/Inter-SemiBold.ttf"; sourceTree = "<group>"; };
A072901D80C7B9B7DEA82153 = { isa = PBXBuildFile; fileRef = 964A5C1F559BDF016AEE0F21; };
CC178B15814AF0F571AA374D = { isa = PBXFileReference; lastKnownFileType = "text"; path = "Bisik/Resources/Inter-LICENSE.txt"; sourceTree = "<group>"; };
D9EB60217D057356E0C3A427 = { isa = PBXBuildFile; fileRef = CC178B15814AF0F571AA374D; };
5E74E38BCA7F2213BE7E593F = { isa = PBXFileReference; lastKnownFileType = "text.xml"; path = "Bisik/Resources/PrivacyInfo.xcprivacy"; sourceTree = "<group>"; };
D22031DC653C6CB16F7D3827 = { isa = PBXBuildFile; fileRef = 5E74E38BCA7F2213BE7E593F; };
6ADB6595A39E5F564CCE4213 = { isa = PBXFileReference; lastKnownFileType = "folder.assetcatalog"; path = "Bisik/Resources/Assets.xcassets"; sourceTree = "<group>"; };
96F088A3BE7ABEC934F2DDAE = { isa = PBXBuildFile; fileRef = 6ADB6595A39E5F564CCE4213; };
500F70407D40B7D5B3558952 = { isa = PBXFileReference; lastKnownFileType = "text.plist.xml"; path = "Bisik/Resources/Info.plist"; sourceTree = "<group>"; };
BA6E2322D5103CB1070A69F3 = { isa = PBXFileReference; lastKnownFileType = "text.plist.entitlements"; path = "Bisik/Resources/Bisik.entitlements"; sourceTree = "<group>"; };
326E285BB3061F12F30151B1 = { isa = PBXFileReference; lastKnownFileType = "text.xcconfig"; path = "Config/Developer.xcconfig"; sourceTree = "<group>"; };
5CF1D0F3038E3941152FF09E = { isa = PBXFileReference; lastKnownFileType = "text"; path = "Bisik/Resources/Bisik.storekit"; sourceTree = "<group>"; };
6CFCBE420DD6A1CF986F890B = { isa = PBXFileReference; lastKnownFileType = "folder"; path = "Bisik/Resources/en.lproj"; sourceTree = "<group>"; };
6560CE87BD7F1EB296D490E0 = { isa = PBXBuildFile; fileRef = 6CFCBE420DD6A1CF986F890B; };
FF212DFBA020E7B66C5C606C = { isa = PBXFileReference; lastKnownFileType = "folder"; path = "Bisik/Resources/id.lproj"; sourceTree = "<group>"; };
EF69704D44E88C87988722C5 = { isa = PBXBuildFile; fileRef = FF212DFBA020E7B66C5C606C; };
681C948D238C526E9E3424E0 = { isa = PBXFileReference; explicitFileType = "wrapper.application"; includeInIndex = 0; path = "Bisik.app"; sourceTree = "BUILT_PRODUCTS_DIR"; };
F739566ED5280322FF98A798 = { isa = PBXFileReference; explicitFileType = "wrapper.cfbundle"; includeInIndex = 0; path = "BisikTests.xctest"; sourceTree = "BUILT_PRODUCTS_DIR"; };
4FBFBC38B371A3C363AA8DE3 = { isa = PBXFileReference; explicitFileType = "wrapper.cfbundle"; includeInIndex = 0; path = "BisikUITests.xctest"; sourceTree = "BUILT_PRODUCTS_DIR"; };
0A3E27B8CA818264D75C8D81 = { isa = PBXGroup; children = (681C948D238C526E9E3424E0, F739566ED5280322FF98A798, 4FBFBC38B371A3C363AA8DE3,); name = "Products"; sourceTree = "<group>"; };
19F479106CE8C3BA8C106518 = { isa = PBXGroup; children = (42C75937F92E7089A24ED15D, F6E12BC5DEA92112124946D6, 171A1F3619A2656749A48BFA, DE99BE1CB7803001D7B75B06, BF3EA15B238687EA76C8A9AA, 51F6937735C71A266445E003, 105D6D429F521EBEA079EE59, 0A24DE78B6F49FA3684AF4F9, 723F8E4AD236D1C0DE7C6682, 9E114BABB4F5C0A11230A10B, FD2F5D5ECACFD2F58177AA7D, B35B0859B641FBB8AD5B3200, EE59C5A96F5133D047C6F1D4, 8CC05B4B840921CC31025A44, 1087620C5C955C6BA038ACDA, 66AAEE37454A88432A807D85, 32E455389C7861F16CD93316, 68DDDB7339AEF31AE007D8A4, AE824DEB66ED06C435193532, 4D40F458CD253378074C0723, EC8E517EDC9E0BA65A3FEE8A, 9F071E59EAF1D009CEAC7390, 02FAAFD92C72EB147150D84A, 0317AE12649AB94D8A619508, E66E342640858A2CF0D0C07D, 80D1274A9527705EE522C2D2, 9394EF5EE0146348C1CB9EDF, A5CBF6A4130E6E266462C243, 7C4B3884EEAEF1D4327AA94B, 964A5C1F559BDF016AEE0F21, CC178B15814AF0F571AA374D, 5E74E38BCA7F2213BE7E593F, 6ADB6595A39E5F564CCE4213, 500F70407D40B7D5B3558952, BA6E2322D5103CB1070A69F3, 326E285BB3061F12F30151B1, 5CF1D0F3038E3941152FF09E, 6CFCBE420DD6A1CF986F890B, FF212DFBA020E7B66C5C606C, 0A3E27B8CA818264D75C8D81,); sourceTree = "<group>"; };
AFF87A50730392B6633ACECE = { isa = PBXSourcesBuildPhase; buildActionMask = 2147483647; files = (431C331D531CB366A046F639, 383A0CF1ACE8574175A0688E, 27B5F74689C9F01DC08D9A1E, 93B4FD0A75CF17CAD5D239C3, 65AF57FCD4184D31DAF64939, AF666A6B4B57A43995AC5EF8, 65B147BB23422BF10AD7D1BE, 5B8CCBB261DDD7B8195566B7, 4EAAFCD4F94FA1CC5B93C41C, EDA5ACA6A40FA4E51132547A, 4ADE84C00BEC27AB2EFDEE70, 862794DD7B785ED87E0D7E9B, BC16399B1E4F977A04706281, A915D14DC0C83DC672AD3426, DF10B4C55EAF9D834DCED831, 122BF73A8603DAF62AD8680A, A854C0857FDB7ACA0BFA1AD6, 2D981337FC854B03863DC3A7, 24C993AB81F4E211A0AB348A, B00334AD53DE8C1B33AF4825, 6EA98A3464DDC29E6015816F, 4E6A3BBB8F3755D9506917EA, A076E270ACBE7AB20EB8F2B5, 873D772BB85F27B6B8EF51E8, 741250F25EEAFB3BB9764095,); runOnlyForDeploymentPostprocessing = 0; };
7A4C2DC8FCA657188648E999 = { isa = PBXFrameworksBuildPhase; buildActionMask = 2147483647; files = (); runOnlyForDeploymentPostprocessing = 0; };
F9187E824FE171A6F0EFAE28 = { isa = PBXResourcesBuildPhase; buildActionMask = 2147483647; files = (56AFA419D642733258D3F693, A072901D80C7B9B7DEA82153, D9EB60217D057356E0C3A427, D22031DC653C6CB16F7D3827, 96F088A3BE7ABEC934F2DDAE, 6560CE87BD7F1EB296D490E0, EF69704D44E88C87988722C5,); runOnlyForDeploymentPostprocessing = 0; };
DEE94446A282611C16F7781C = { isa = PBXSourcesBuildPhase; buildActionMask = 2147483647; files = (19389D3E32B426D6BB79DBFB, 28C7FF77D5F8C615E81A1DFD,); runOnlyForDeploymentPostprocessing = 0; };
B10CDED79664567B030B2B4F = { isa = PBXFrameworksBuildPhase; buildActionMask = 2147483647; files = (); runOnlyForDeploymentPostprocessing = 0; };
1F030AB36D1A3A4389CF71AE = { isa = PBXResourcesBuildPhase; buildActionMask = 2147483647; files = (); runOnlyForDeploymentPostprocessing = 0; };
7CEA9B3371728EC6DECD5B9C = { isa = PBXSourcesBuildPhase; buildActionMask = 2147483647; files = (E3BB6D69AB659CCC73B76332,); runOnlyForDeploymentPostprocessing = 0; };
8DB4D8C12EFE1404B7805AC9 = { isa = PBXFrameworksBuildPhase; buildActionMask = 2147483647; files = (); runOnlyForDeploymentPostprocessing = 0; };
CA8D4EA4C5054B9B2D601180 = { isa = PBXResourcesBuildPhase; buildActionMask = 2147483647; files = (); runOnlyForDeploymentPostprocessing = 0; };
2B23A31EEC75B029432F2445 = { isa = XCBuildConfiguration; buildSettings = { CLANG_ENABLE_MODULES = YES; SWIFT_VERSION = 5.0; IPHONEOS_DEPLOYMENT_TARGET = 17.0; SDKROOT = iphoneos; TARGETED_DEVICE_FAMILY = "1,2"; CODE_SIGN_STYLE = Automatic; SWIFT_EMIT_LOC_STRINGS = YES; SWIFT_OPTIMIZATION_LEVEL = "-Onone"; ENABLE_TESTABILITY = YES; DEBUG_INFORMATION_FORMAT = dwarf; SWIFT_ACTIVE_COMPILATION_CONDITIONS = "$(inherited) DEBUG"; }; name = "Debug"; };
07CA1E69F6068DEA30A4DA6B = { isa = XCBuildConfiguration; buildSettings = { CLANG_ENABLE_MODULES = YES; SWIFT_VERSION = 5.0; IPHONEOS_DEPLOYMENT_TARGET = 17.0; SDKROOT = iphoneos; TARGETED_DEVICE_FAMILY = "1,2"; CODE_SIGN_STYLE = Automatic; SWIFT_EMIT_LOC_STRINGS = YES; SWIFT_OPTIMIZATION_LEVEL = "-O"; SWIFT_COMPILATION_MODE = wholemodule; DEBUG_INFORMATION_FORMAT = "dwarf-with-dsym"; }; name = "Release"; };
F905B102B4F13BD6617D8EB3 = { isa = XCConfigurationList; buildConfigurations = (2B23A31EEC75B029432F2445, 07CA1E69F6068DEA30A4DA6B,); defaultConfigurationIsVisible = 0; defaultConfigurationName = "Release"; };
AA9B1D3BE1353EBD76471D11 = { isa = XCBuildConfiguration; buildSettings = { PRODUCT_BUNDLE_IDENTIFIER = "com.maruz75.bisik"; PRODUCT_NAME = "$(TARGET_NAME)"; INFOPLIST_FILE = "Bisik/Resources/Info.plist"; GENERATE_INFOPLIST_FILE = NO; CODE_SIGN_ENTITLEMENTS = "Bisik/Resources/Bisik.entitlements"; ASSETCATALOG_COMPILER_APPICON_NAME = AppIcon; ASSETCATALOG_COMPILER_GLOBAL_ACCENT_COLOR_NAME = AccentColor; LD_RUNPATH_SEARCH_PATHS = "$(inherited) @executable_path/Frameworks"; SWIFT_OPTIMIZATION_LEVEL = "-Onone"; ENABLE_TESTABILITY = YES; DEBUG_INFORMATION_FORMAT = dwarf; SWIFT_ACTIVE_COMPILATION_CONDITIONS = "$(inherited) DEBUG"; }; name = "Debug"; baseConfigurationReference = 326E285BB3061F12F30151B1; };
1E2E67F111F111E446D58E6C = { isa = XCBuildConfiguration; buildSettings = { PRODUCT_BUNDLE_IDENTIFIER = "com.maruz75.bisik"; PRODUCT_NAME = "$(TARGET_NAME)"; INFOPLIST_FILE = "Bisik/Resources/Info.plist"; GENERATE_INFOPLIST_FILE = NO; CODE_SIGN_ENTITLEMENTS = "Bisik/Resources/Bisik.entitlements"; ASSETCATALOG_COMPILER_APPICON_NAME = AppIcon; ASSETCATALOG_COMPILER_GLOBAL_ACCENT_COLOR_NAME = AccentColor; LD_RUNPATH_SEARCH_PATHS = "$(inherited) @executable_path/Frameworks"; SWIFT_OPTIMIZATION_LEVEL = "-O"; SWIFT_COMPILATION_MODE = wholemodule; DEBUG_INFORMATION_FORMAT = "dwarf-with-dsym"; }; name = "Release"; baseConfigurationReference = 326E285BB3061F12F30151B1; };
900621C63942CF97857E701F = { isa = XCConfigurationList; buildConfigurations = (AA9B1D3BE1353EBD76471D11, 1E2E67F111F111E446D58E6C,); defaultConfigurationIsVisible = 0; defaultConfigurationName = "Release"; };
8617DF137A9B97CF1A31A959 = { isa = XCBuildConfiguration; buildSettings = { PRODUCT_BUNDLE_IDENTIFIER = "com.maruz75.bisik.tests"; PRODUCT_NAME = "$(TARGET_NAME)"; GENERATE_INFOPLIST_FILE = YES; BUNDLE_LOADER = "$(TEST_HOST)"; TEST_HOST = "$(BUILT_PRODUCTS_DIR)/Bisik.app/$(BUNDLE_EXECUTABLE_FOLDER_PATH)/Bisik"; LD_RUNPATH_SEARCH_PATHS = "$(inherited) @executable_path/Frameworks @loader_path/Frameworks"; SWIFT_OPTIMIZATION_LEVEL = "-Onone"; ENABLE_TESTABILITY = YES; DEBUG_INFORMATION_FORMAT = dwarf; SWIFT_ACTIVE_COMPILATION_CONDITIONS = "$(inherited) DEBUG"; }; name = "Debug"; baseConfigurationReference = 326E285BB3061F12F30151B1; };
90E60CB84C8CDC20C93E6F85 = { isa = XCBuildConfiguration; buildSettings = { PRODUCT_BUNDLE_IDENTIFIER = "com.maruz75.bisik.tests"; PRODUCT_NAME = "$(TARGET_NAME)"; GENERATE_INFOPLIST_FILE = YES; BUNDLE_LOADER = "$(TEST_HOST)"; TEST_HOST = "$(BUILT_PRODUCTS_DIR)/Bisik.app/$(BUNDLE_EXECUTABLE_FOLDER_PATH)/Bisik"; LD_RUNPATH_SEARCH_PATHS = "$(inherited) @executable_path/Frameworks @loader_path/Frameworks"; SWIFT_OPTIMIZATION_LEVEL = "-O"; SWIFT_COMPILATION_MODE = wholemodule; DEBUG_INFORMATION_FORMAT = "dwarf-with-dsym"; }; name = "Release"; baseConfigurationReference = 326E285BB3061F12F30151B1; };
EF79EBE0C2499A175EA17E4D = { isa = XCConfigurationList; buildConfigurations = (8617DF137A9B97CF1A31A959, 90E60CB84C8CDC20C93E6F85,); defaultConfigurationIsVisible = 0; defaultConfigurationName = "Release"; };
D3ED49D9CA4ED3B27ABDD368 = { isa = XCBuildConfiguration; buildSettings = { PRODUCT_BUNDLE_IDENTIFIER = "com.maruz75.bisik.uitests"; PRODUCT_NAME = "$(TARGET_NAME)"; GENERATE_INFOPLIST_FILE = YES; TEST_TARGET_NAME = "Bisik"; LD_RUNPATH_SEARCH_PATHS = "$(inherited) @executable_path/Frameworks @loader_path/Frameworks"; SWIFT_OPTIMIZATION_LEVEL = "-Onone"; ENABLE_TESTABILITY = YES; DEBUG_INFORMATION_FORMAT = dwarf; SWIFT_ACTIVE_COMPILATION_CONDITIONS = "$(inherited) DEBUG"; }; name = "Debug"; baseConfigurationReference = 326E285BB3061F12F30151B1; };
E2BBF2D0384AB360D14E6E65 = { isa = XCBuildConfiguration; buildSettings = { PRODUCT_BUNDLE_IDENTIFIER = "com.maruz75.bisik.uitests"; PRODUCT_NAME = "$(TARGET_NAME)"; GENERATE_INFOPLIST_FILE = YES; TEST_TARGET_NAME = "Bisik"; LD_RUNPATH_SEARCH_PATHS = "$(inherited) @executable_path/Frameworks @loader_path/Frameworks"; SWIFT_OPTIMIZATION_LEVEL = "-O"; SWIFT_COMPILATION_MODE = wholemodule; DEBUG_INFORMATION_FORMAT = "dwarf-with-dsym"; }; name = "Release"; baseConfigurationReference = 326E285BB3061F12F30151B1; };
C64FA48C8CB254DADC066B96 = { isa = XCConfigurationList; buildConfigurations = (D3ED49D9CA4ED3B27ABDD368, E2BBF2D0384AB360D14E6E65,); defaultConfigurationIsVisible = 0; defaultConfigurationName = "Release"; };
51C33826B61720FD18A0E625 = { isa = PBXContainerItemProxy; containerPortal = 244210E48437B6556980A702; proxyType = 1; remoteGlobalIDString = C1E9827DB735CA9BAA54A540; remoteInfo = "Bisik"; };
F9A94CEF8CF7D85CE881E703 = { isa = PBXTargetDependency; target = C1E9827DB735CA9BAA54A540; targetProxy = 51C33826B61720FD18A0E625; };
3532D8D9D6C1A667B9837110 = { isa = PBXTargetDependency; target = C1E9827DB735CA9BAA54A540; targetProxy = 51C33826B61720FD18A0E625; };
C1E9827DB735CA9BAA54A540 = { isa = PBXNativeTarget; buildConfigurationList = 900621C63942CF97857E701F; buildPhases = (AFF87A50730392B6633ACECE, 7A4C2DC8FCA657188648E999, F9187E824FE171A6F0EFAE28,); buildRules = (); dependencies = (); name = "Bisik"; productName = "Bisik"; productReference = 681C948D238C526E9E3424E0; productType = "com.apple.product-type.application"; };
9805CBD60EB4F66728D5D195 = { isa = PBXNativeTarget; buildConfigurationList = EF79EBE0C2499A175EA17E4D; buildPhases = (DEE94446A282611C16F7781C, B10CDED79664567B030B2B4F, 1F030AB36D1A3A4389CF71AE,); buildRules = (); dependencies = (F9A94CEF8CF7D85CE881E703,); name = "BisikTests"; productName = "BisikTests"; productReference = F739566ED5280322FF98A798; productType = "com.apple.product-type.bundle.unit-test"; };
C972F427C0D501B6444DFE03 = { isa = PBXNativeTarget; buildConfigurationList = C64FA48C8CB254DADC066B96; buildPhases = (7CEA9B3371728EC6DECD5B9C, 8DB4D8C12EFE1404B7805AC9, CA8D4EA4C5054B9B2D601180,); buildRules = (); dependencies = (3532D8D9D6C1A667B9837110,); name = "BisikUITests"; productName = "BisikUITests"; productReference = 4FBFBC38B371A3C363AA8DE3; productType = "com.apple.product-type.bundle.ui-testing"; };
244210E48437B6556980A702 = { isa = PBXProject; attributes = { LastUpgradeCheck = 1630; BuildIndependentTargetsInParallel = YES; TargetAttributes = { C1E9827DB735CA9BAA54A540 = { CreatedOnToolsVersion = 16.3; SystemCapabilities = { com.apple.SignInWithApple = { enabled = 1; }; }; }; 9805CBD60EB4F66728D5D195 = { CreatedOnToolsVersion = 16.3; TestTargetID = C1E9827DB735CA9BAA54A540; }; C972F427C0D501B6444DFE03 = { CreatedOnToolsVersion = 16.3; TestTargetID = C1E9827DB735CA9BAA54A540; }; }; }; buildConfigurationList = F905B102B4F13BD6617D8EB3; compatibilityVersion = "Xcode 14.0"; developmentRegion = id; hasScannedForEncodings = 0; knownRegions = (id, en, Base,); mainGroup = 19F479106CE8C3BA8C106518; productRefGroup = 0A3E27B8CA818264D75C8D81; projectDirPath = ""; projectRoot = ""; targets = (C1E9827DB735CA9BAA54A540, 9805CBD60EB4F66728D5D195, C972F427C0D501B6444DFE03,); };
}; rootObject = 244210E48437B6556980A702; }
